
Microsoft Visual Studio Solution File, Format Version 12.00
# Visual Studio Version 17
VisualStudioVersion = 17.14.36811.4
MinimumVisualStudioVersion = 10.0.40219.1
Project("{8BC9CEB8-8B4A-11D0-8D11-00A0C91BC942}") = "abtohfixh", "abtohfixh\abtohfixh.vcxproj", "{BCFB4783-730F-4D9B-83C9-B7E65924CB30}"
EndProject
Global
	GlobalSection(SolutionConfigurationPlatforms) = preSolution
		Debug|x64 = Debug|x64
		MinSizeRel|x64 = MinSizeRel|x64
		Release|x64 = Release|x64
		RelWithDebInfo|x64 = RelWithDebInfo|x64
	EndGlobalSection
	GlobalSection(ProjectConfigurationPlatforms) = postSolution
		{BCFB4783-730F-4D9B-83C9-B7E65924CB30}.Debug|x64.ActiveCfg = Debug|x64
		{BCFB4783-730F-4D9B-83C9-B7E65924CB30}.Debug|x64.Build.0 = Debug|x64
		{BCFB4783-730F-4D9B-83C9-B7E65924CB30}.MinSizeRel|x64.ActiveCfg = MinSizeRel|x64
		{BCFB4783-730F-4D9B-83C9-B7E65924CB30}.MinSizeRel|x64.Build.0 = MinSizeRel|x64
		{BCFB4783-730F-4D9B-83C9-B7E65924CB30}.Release|x64.ActiveCfg = Release|x64
		{BCFB4783-730F-4D9B-83C9-B7E65924CB30}.Release|x64.Build.0 = Release|x64
		{BCFB4783-730F-4D9B-83C9-B7E65924CB30}.RelWithDebInfo|x64.ActiveCfg = RelWithDebInfo|x64
		{BCFB4783-730F-4D9B-83C9-B7E65924CB30}.RelWithDebInfo|x64.Build.0 = RelWithDebInfo|x64
	EndGlobalSection
	GlobalSection(SolutionProperties) = preSolution
		HideSolutionNode = FALSE
	EndGlobalSection
	GlobalSection(ExtensibilityGlobals) = postSolution
		SolutionGuid = {C77455FC-0356-4B22-B3D4-90016A9AFBBE}
	EndGlobalSection
EndGlobal
